github.com/FelixWieland/i40-rt-base v0.0.0-20200212201554-981784e2b885 h1:3r0NTUuRJlLjC8PKKiToUPXFi6DmYCjKSlhNLFHrxLA=
github.com/FelixWieland/kosmo v0.0.0-20200203224451-859b0e534a4a h1:QW0pmZcZ93XSBAg8/A0Xrl+ML8a570yIKhGKnAM2B1A=
github.com/FelixWieland/kosmo v0.0.0-20200203224451-859b0e534a4a/go.mod h1:G4XWUJRc4quo1UAhbb3Pcf2EDXuRvRYtJ7LD2KNVK1Y=
github.com/NYTimes/gziphandler v1.1.1 h1:ZUDjpQae29j0ryrS0u/B8HZfJBtBQHjqw2rQ2cqUQ3I=
github.com/NYTimes/gziphandler v1.1.1/go.mod h1:n/CVRwUEOgIxrgPvAQhUUr9oeUtvrhMomdKFjzJNB0c=
github.com/davecgh/go-spew v1.1.0/go.mod h1:J7Y8YcW2NihsgmVo/mv3lAwl/skON4iLHjSsI+c5H38=
github.com/graphql-go/graphql v0.7.9 h1:5Va/Rt4l5g3YjwDnid3vFfn43faaQBq7rMcIZ0VnV34=
github.com/graphql-go/graphql v0.7.9/go.mod h1:k6yrAYQaSP59DC5UVxbgxESlmVyojThKdORUqGDGmrI=
github.com/graphql-go/handler v0.2.3 h1:CANh8WPnl5M9uA25c2GBhPqJhE53Fg0Iue/fRNla71E=
github.com/graphql-go/handler v0.2.3/go.mod h1:leLF6RpV5uZMN1CdImAxuiayrYYhOk33bZciaUGaXeU=
github.com/pmezard/go-difflib v1.0.0/go.mod h1:iKH77koFhYxTK1pcRnkKkqfTogsbg7gZNVY4sRDYZ/4=
github.com/stretchr/objx v0.1.0/go.mod h1:HFkY916IF+rwdDfMAkV7OtwuqBVzrE8GR6GFx+wExME=
github.com/stretchr/testify v1.3.0/go.mod h1:M5WIy9Dh21IEIfnGCwXGc5bZfKNJtfHm1UVUgZn+9EI=
